// !$*UTF8*$!
{
	archiveVersion = 1;
	classes = {
	};
	objectVersion = 50;
	objects = {

/* Begin PBXBuildFile section */
		66297814264CCC04007E4B17 /* Add.swift in Sources */ = {isa = PBXBuildFile; fileRef = 66297813264CCC04007E4B17 /* Add.swift */; };
		66297817264CEF94007E4B17 /* Camera.swift in Sources */ = {isa = PBXBuildFile; fileRef = 66297816264CEF94007E4B17 /* Camera.swift */; };
		66756210264BDEEC00EF0CE8 /* Menu.swift in Sources */ = {isa = PBXBuildFile; fileRef = 6675620F264BDEEC00EF0CE8 /* Menu.swift */; };
		6676CC37264B7C6E00AA4B38 /* ExpirationApp.swift in Sources */ = {isa = PBXBuildFile; fileRef = 6676CC36264B7C6E00AA4B38 /* ExpirationApp.swift */; };
		6676CC39264B7C6E00AA4B38 /* ContentView.swift in Sources */ = {isa = PBXBuildFile; fileRef = 6676CC38264B7C6E00AA4B38 /* ContentView.swift */; };
		6676CC3B264B7C6E00AA4B38 /* Assets.xcassets in Resources */ = {isa = PBXBuildFile; fileRef = 6676CC3A264B7C6E00AA4B38 /* Assets.xcassets */; };
		6676CC3E264B7C6E00AA4B38 /* Preview Assets.xcassets in Resources */ = {isa = PBXBuildFile; fileRef = 6676CC3D264B7C6E00AA4B38 /* Preview Assets.xcassets */; };
		6676CC43264B7C6E00AA4B38 /* Expiration.xcdatamodeld in Sources */ = {isa = PBXBuildFile; fileRef = 6676CC41264B7C6E00AA4B38 /* Expiration.xcdatamodeld */; };
		6676CC4E264B7C6E00AA4B38 /* ExpirationTests.swift in Sources */ = {isa = PBXBuildFile; fileRef = 6676CC4D264B7C6E00AA4B38 /* ExpirationTests.swift */; };
		6676CC59264B7C6E00AA4B38 /* ExpirationUITests.swift in Sources */ = {isa = PBXBuildFile; fileRef = 6676CC58264B7C6E00AA4B38 /* ExpirationUITests.swift */; };
		66ACA4FA266002320069CE80 /* Edit.swift in Sources */ = {isa = PBXBuildFile; fileRef = 66ACA4F9266002320069CE80 /* Edit.swift */; };
		66C7A885264B7D6300ED7C68 /* MainView.swift in Sources */ = {isa = PBXBuildFile; fileRef = 66C7A884264B7D6300ED7C68 /* MainView.swift */; };
		66C7A888264B7DC600ED7C68 /* AppModel.swift in Sources */ = {isa = PBXBuildFile; fileRef = 66C7A887264B7DC600ED7C68 /* AppModel.swift */; };
		66C7A88E264BCBD900ED7C68 /* Card.swift in Sources */ = {isa = PBXBuildFile; fileRef = 66C7A88D264BCBD900ED7C68 /* Card.swift */; };
		66C7A890264BCCC100ED7C68 /* Category.swift in Sources */ = {isa = PBXBuildFile; fileRef = 66C7A88F264BCCC100ED7C68 /* Category.swift */; };
/* End PBXBuildFile section */

/* Begin PBXContainerItemProxy section */
		6676CC4A264B7C6E00AA4B38 /* PBXContainerItemProxy */ = {
			isa = PBXContainerItemProxy;
			containerPortal = 6676CC2B264B7C6E00AA4B38 /* Project object */;
			proxyType = 1;
			remoteGlobalIDString = 6676CC32264B7C6E00AA4B38;
			remoteInfo = Expiration;
		};
		6676CC55264B7C6E00AA4B38 /* PBXContainerItemProxy */ = {
			isa = PBXContainerItemProxy;
			containerPortal = 6676CC2B264B7C6E00AA4B38 /* Project object */;
			proxyType = 1;
			remoteGlobalIDString = 6676CC32264B7C6E00AA4B38;
			remoteInfo = Expiration;
		};
/* End PBXContainerItemProxy section */

/* Begin PBXFileReference section */
		66297813264CCC04007E4B17 /* Add.swift */ = {isa = PBXFileReference; lastKnownFileType = sourcecode.swift; path = Add.swift; sourceTree = "<group>"; };
		66297816264CEF94007E4B17 /* Camera.swift */ = {isa = PBXFileReference; lastKnownFileType = sourcecode.swift; path = Camera.swift; sourceTree = "<group>"; };
		6675620F264BDEEC00EF0CE8 /* Menu.swift */ = {isa = PBXFileReference; lastKnownFileType = sourcecode.swift; path = Menu.swift; sourceTree = "<group>"; };
		6676CC33264B7C6E00AA4B38 /* Expiration.app */ = {isa = PBXFileReference; explicitFileType = wrapper.application; includeInIndex = 0; path = Expiration.app; sourceTree = BUILT_PRODUCTS_DIR; };
		6676CC36264B7C6E00AA4B38 /* ExpirationApp.swift */ = {isa = PBXFileReference; lastKnownFileType = sourcecode.swift; path = ExpirationApp.swift; sourceTree = "<group>"; };
		6676CC38264B7C6E00AA4B38 /* ContentView.swift */ = {isa = PBXFileReference; lastKnownFileType = sourcecode.swift; path = ContentView.swift; sourceTree = "<group>"; };
		6676CC3A264B7C6E00AA4B38 /* Assets.xcassets */ = {isa = PBXFileReference; lastKnownFileType = folder.assetcatalog; path = Assets.xcassets; sourceTree = "<group>"; };
		6676CC3D264B7C6E00AA4B38 /* Preview Assets.xcassets */ = {isa = PBXFileReference; lastKnownFileType = folder.assetcatalog; path = "Preview Assets.xcassets"; sourceTree = "<group>"; };
		6676CC42264B7C6E00AA4B38 /* Expiration.xcdatamodel */ = {isa = PBXFileReference; lastKnownFileType = wrapper.xcdatamodel; path = Expiration.xcdatamodel; sourceTree = "<group>"; };
		6676CC44264B7C6E00AA4B38 /* Info.plist */ = {isa = PBXFileReference; lastKnownFileType = text.plist.xml; path = Info.plist; sourceTree = "<group>"; };
		6676CC49264B7C6E00AA4B38 /* ExpirationTests.xctest */ = {isa = PBXFileReference; explicitFileType = wrapper.cfbundle; includeInIndex = 0; path = ExpirationTests.xctest; sourceTree = BUILT_PRODUCTS_DIR; };
		6676CC4D264B7C6E00AA4B38 /* ExpirationTests.swift */ = {isa = PBXFileReference; lastKnownFileType = sourcecode.swift; path = ExpirationTests.swift; sourceTree = "<group>"; };
		6676CC4F264B7C6E00AA4B38 /* Info.plist */ = {isa = PBXFileReference; lastKnownFileType = text.plist.xml; path = Info.plist; sourceTree = "<group>"; };
		6676CC54264B7C6E00AA4B38 /* ExpirationUITests.xctest */ = {isa = PBXFileReference; explicitFileType = wrapper.cfbundle; includeInIndex = 0; path = ExpirationUITests.xctest; sourceTree = BUILT_PRODUCTS_DIR; };
		6676CC58264B7C6E00AA4B38 /* ExpirationUITests.swift */ = {isa = PBXFileReference; lastKnownFileType = sourcecode.swift; path = ExpirationUITests.swift; sourceTree = "<group>"; };
		6676CC5A264B7C6E00AA4B38 /* Info.plist */ = {isa = PBXFileReference; lastKnownFileType = text.plist.xml; path = Info.plist; sourceTree = "<group>"; };
		66ACA4F9266002320069CE80 /* Edit.swift */ = {isa = PBXFileReference; lastKnownFileType = sourcecode.swift; path = Edit.swift; sourceTree = "<group>"; };
		66C7A884264B7D6300ED7C68 /* MainView.swift */ = {isa = PBXFileReference; lastKnownFileType = sourcecode.swift; path = MainView.swift; sourceTree = "<group>"; };
		66C7A887264B7DC600ED7C68 /* AppModel.swift */ = {isa = PBXFileReference; lastKnownFileType = sourcecode.swift; path = AppModel.swift; sourceTree = "<group>"; };
		66C7A88D264BCBD900ED7C68 /* Card.swift */ = {isa = PBXFileReference; lastKnownFileType = sourcecode.swift; path = Card.swift; sourceTree = "<group>"; };
		66C7A88F264BCCC100ED7C68 /* Category.swift */ = {isa = PBXFileReference; lastKnownFileType = sourcecode.swift; path = Category.swift; sourceTree = "<group>"; };
/* End PBXFileReference section */

/* Begin PBXFrameworksBuildPhase section */
		6676CC30264B7C6E00AA4B38 /* Frameworks */ = {
			isa = PBXFrameworksBuildPhase;
			buildActionMask = 2147483647;
			files = (
			);
			runOnlyForDeploymentPostprocessing = 0;
		};
		6676CC46264B7C6E00AA4B38 /* Frameworks */ = {
			isa = PBXFrameworksBuildPhase;
			buildActionMask = 2147483647;
			files = (
			);
			runOnlyForDeploymentPostprocessing = 0;
		};
		6676CC51264B7C6E00AA4B38 /* Frameworks */ = {
			isa = PBXFrameworksBuildPhase;
			buildActionMask = 2147483647;
			files = (
			);
			runOnlyForDeploymentPostprocessing = 0;
		};
/* End PBXFrameworksBuildPhase section */

/* Begin PBXGroup section */
		66297815264CEF82007E4B17 /* ViewController */ = {
			isa = PBXGroup;
			children = (
				66297816264CEF94007E4B17 /* Camera.swift */,
			);
			path = ViewController;
			sourceTree = "<group>";
		};
		6676CC2A264B7C6E00AA4B38 = {
			isa = PBXGroup;
			children = (
				6676CC35264B7C6E00AA4B38 /* Expiration */,
				6676CC4C264B7C6E00AA4B38 /* ExpirationTests */,
				6676CC57264B7C6E00AA4B38 /* ExpirationUITests */,
				6676CC34264B7C6E00AA4B38 /* Products */,
			);
			sourceTree = "<group>";
		};
		6676CC34264B7C6E00AA4B38 /* Products */ = {
			isa = PBXGroup;
			children = (
				6676CC33264B7C6E00AA4B38 /* Expiration.app */,
				6676CC49264B7C6E00AA4B38 /* ExpirationTests.xctest */,
				6676CC54264B7C6E00AA4B38 /* ExpirationUITests.xctest */,
			);
			name = Products;
			sourceTree = "<group>";
		};
		6676CC35264B7C6E00AA4B38 /* Expiration */ = {
			isa = PBXGroup;
			children = (
				66C7A886264B7DA600ED7C68 /* Model */,
				66C7A889264B7DCD00ED7C68 /* shared */,
				66C7A88A264B7DF200ED7C68 /* View */,
				66297815264CEF82007E4B17 /* ViewController */,
				6676CC3A264B7C6E00AA4B38 /* Assets.xcassets */,
				6676CC44264B7C6E00AA4B38 /* Info.plist */,
				6676CC41264B7C6E00AA4B38 /* Expiration.xcdatamodeld */,
				6676CC3C264B7C6E00AA4B38 /* Preview Content */,
			);
			path = Expiration;
			sourceTree = "<group>";
		};
		6676CC3C264B7C6E00AA4B38 /* Preview Content */ = {
			isa = PBXGroup;
			children = (
				6676CC3D264B7C6E00AA4B38 /* Preview Assets.xcassets */,
			);
			path = "Preview Content";
			sourceTree = "<group>";
		};
		6676CC4C264B7C6E00AA4B38 /* ExpirationTests */ = {
			isa = PBXGroup;
			children = (
				6676CC4D264B7C6E00AA4B38 /* ExpirationTests.swift */,
				6676CC4F264B7C6E00AA4B38 /* Info.plist */,
			);
			path = ExpirationTests;
			sourceTree = "<group>";
		};
		6676CC57264B7C6E00AA4B38 /* ExpirationUITests */ = {
			isa = PBXGroup;
			children = (
				6676CC58264B7C6E00AA4B38 /* ExpirationUITests.swift */,
				6676CC5A264B7C6E00AA4B38 /* Info.plist */,
			);
			path = ExpirationUITests;
			sourceTree = "<group>";
		};
		66C7A886264B7DA600ED7C68 /* Model */ = {
			isa = PBXGroup;
			children = (
				66C7A887264B7DC600ED7C68 /* AppModel.swift */,
				66C7A88F264BCCC100ED7C68 /* Category.swift */,
			);
			path = Model;
			sourceTree = "<group>";
		};
		66C7A889264B7DCD00ED7C68 /* shared */ = {
			isa = PBXGroup;
			children = (
				6676CC36264B7C6E00AA4B38 /* ExpirationApp.swift */,
				6676CC38264B7C6E00AA4B38 /* ContentView.swift */,
			);
			path = shared;
			sourceTree = "<group>";
		};
		66C7A88A264B7DF200ED7C68 /* View */ = {
			isa = PBXGroup;
			children = (
				66C7A884264B7D6300ED7C68 /* MainView.swift */,
				66C7A88D264BCBD900ED7C68 /* Card.swift */,
				6675620F264BDEEC00EF0CE8 /* Menu.swift */,
				66297813264CCC04007E4B17 /* Add.swift */,
				66ACA4F9266002320069CE80 /* Edit.swift */,
			);
			path = View;
			sourceTree = "<group>";
		};
/* End PBXGroup section */

/* Begin PBXNativeTarget section */
		6676CC32264B7C6E00AA4B38 /* Expiration */ = {
			isa = PBXNativeTarget;
			buildConfigurationList = 6676CC5D264B7C6E00AA4B38 /* Build configuration list for PBXNativeTarget "Expiration" */;
			buildPhases = (
				6676CC2F264B7C6E00AA4B38 /* Sources */,
				6676CC30264B7C6E00AA4B38 /* Frameworks */,
				6676CC31264B7C6E00AA4B38 /* Resources */,
			);
			buildRules = (
			);
			dependencies = (
			);
			name = Expiration;
			productName = Expiration;
			productReference = 6676CC33264B7C6E00AA4B38 /* Expiration.app */;
			productType = "com.apple.product-type.application";
		};
		6676CC48264B7C6E00AA4B38 /* ExpirationTests */ = {
			isa = PBXNativeTarget;
			buildConfigurationList = 6676CC60264B7C6E00AA4B38 /* Build configuration list for PBXNativeTarget "ExpirationTests" */;
			buildPhases = (
				6676CC45264B7C6E00AA4B38 /* Sources */,
				6676CC46264B7C6E00AA4B38 /* Frameworks */,
				6676CC47264B7C6E00AA4B38 /* Resources */,
			);
			buildRules = (
			);
			dependencies = (
				6676CC4B264B7C6E00AA4B38 /* PBXTargetDependency */,
			);
			name = ExpirationTests;
			productName = ExpirationTests;
			productReference = 6676CC49264B7C6E00AA4B38 /* ExpirationTests.xctest */;
			productType = "com.apple.product-type.bundle.unit-test";
		};
		6676CC53264B7C6E00AA4B38 /* ExpirationUITests */ = {
			isa = PBXNativeTarget;
			buildConfigurationList = 6676CC63264B7C6E00AA4B38 /* Build configuration list for PBXNativeTarget "ExpirationUITests" */;
			buildPhases = (
				6676CC50264B7C6E00AA4B38 /* Sources */,
				6676CC51264B7C6E00AA4B38 /* Frameworks */,
				6676CC52264B7C6E00AA4B38 /* Resources */,
			);
			buildRules = (
			);
			dependencies = (
				6676CC56264B7C6E00AA4B38 /* PBXTargetDependency */,
			);
			name = ExpirationUITests;
			productName = ExpirationUITests;
			productReference = 6676CC54264B7C6E00AA4B38 /* ExpirationUITests.xctest */;
			productType = "com.apple.product-type.bundle.ui-testing";
		};
/* End PBXNativeTarget section */

/* Begin PBXProject section */
		6676CC2B264B7C6E00AA4B38 /* Project object */ = {
			isa = PBXProject;
			attributes = {
				LastSwiftUpdateCheck = 1250;
				LastUpgradeCheck = 1250;
				TargetAttributes = {
					6676CC32264B7C6E00AA4B38 = {
						CreatedOnToolsVersion = 12.5;
					};
					6676CC48264B7C6E00AA4B38 = {
						CreatedOnToolsVersion = 12.5;
						TestTargetID = 6676CC32264B7C6E00AA4B38;
					};
					6676CC53264B7C6E00AA4B38 = {
						CreatedOnToolsVersion = 12.5;
						TestTargetID = 6676CC32264B7C6E00AA4B38;
					};
				};
			};
			buildConfigurationList = 6676CC2E264B7C6E00AA4B38 /* Build configuration list for PBXProject "Expiration" */;
			compatibilityVersion = "Xcode 9.3";
			developmentRegion = en;
			hasScannedForEncodings = 0;
			knownRegions = (
				en,
				Base,
				ko,
			);
			mainGroup = 6676CC2A264B7C6E00AA4B38;
			productRefGroup = 6676CC34264B7C6E00AA4B38 /* Products */;
			projectDirPath = "";
			projectRoot = "";
			targets = (
				6676CC32264B7C6E00AA4B38 /* Expiration */,
				6676CC48264B7C6E00AA4B38 /* ExpirationTests */,
				6676CC53264B7C6E00AA4B38 /* ExpirationUITests */,
			);
		};
/* End PBXProject section */

/* Begin PBXResourcesBuildPhase section */
		6676CC31264B7C6E00AA4B38 /* Resources */ = {
			isa = PBXResourcesBuildPhase;
			buildActionMask = 2147483647;
			files = (
				6676CC3E264B7C6E00AA4B38 /* Preview Assets.xcassets in Resources */,
				6676CC3B264B7C6E00AA4B38 /* Assets.xcassets in Resources */,
			);
			runOnlyForDeploymentPostprocessing = 0;
		};
		6676CC47264B7C6E00AA4B38 /* Resources */ = {
			isa = PBXResourcesBuildPhase;
			buildActionMask = 2147483647;
			files = (
			);
			runOnlyForDeploymentPostprocessing = 0;
		};
		6676CC52264B7C6E00AA4B38 /* Resources */ = {
			isa = PBXResourcesBuildPhase;
			buildActionMask = 2147483647;
			files = (
			);
			runOnlyForDeploymentPostprocessing = 0;
		};
/* End PBXResourcesBuildPhase section */

/* Begin PBXSourcesBuildPhase section */
		6676CC2F264B7C6E00AA4B38 /* Sources */ = {
			isa = PBXSourcesBuildPhase;
			buildActionMask = 2147483647;
			files = (
				66297817264CEF94007E4B17 /* Camera.swift in Sources */,
				66C7A888264B7DC600ED7C68 /* AppModel.swift in Sources */,
				6676CC39264B7C6E00AA4B38 /* ContentView.swift in Sources */,
				66297814264CCC04007E4B17 /* Add.swift in Sources */,
				6676CC43264B7C6E00AA4B38 /* Expiration.xcdatamodeld in Sources */,
				66C7A885264B7D6300ED7C68 /* MainView.swift in Sources */,
				6676CC37264B7C6E00AA4B38 /* ExpirationApp.swift in Sources */,
				66756210264BDEEC00EF0CE8 /* Menu.swift in Sources */,
				66C7A88E264BCBD900ED7C68 /* Card.swift in Sources */,
				66C7A890264BCCC100ED7C68 /* Category.swift in Sources */,
				66ACA4FA266002320069CE80 /* Edit.swift in Sources */,
			);
			runOnlyForDeploymentPostprocessing = 0;
		};
		6676CC45264B7C6E00AA4B38 /* Sources */ = {
			isa = PBXSourcesBuildPhase;
			buildActionMask = 2147483647;
			files = (
				6676CC4E264B7C6E00AA4B38 /* ExpirationTests.swift in Sources */,
			);
			runOnlyForDeploymentPostprocessing = 0;
		};
		6676CC50264B7C6E00AA4B38 /* Sources */ = {
			isa = PBXSourcesBuildPhase;
			buildActionMask = 2147483647;
			files = (
				6676CC59264B7C6E00AA4B38 /* ExpirationUITests.swift in Sources */,
			);
			runOnlyForDeploymentPostprocessing = 0;
		};
/* End PBXSourcesBuildPhase section */

/* Begin PBXTargetDependency section */
		6676CC4B264B7C6E00AA4B38 /* PBXTargetDependency */ = {
			isa = PBXTargetDependency;
			target = 6676CC32264B7C6E00AA4B38 /* Expiration */;
			targetProxy = 6676CC4A264B7C6E00AA4B38 /* PBXContainerItemProxy */;
		};
		6676CC56264B7C6E00AA4B38 /* PBXTargetDependency */ = {
			isa = PBXTargetDependency;
			target = 6676CC32264B7C6E00AA4B38 /* Expiration */;
			targetProxy = 6676CC55264B7C6E00AA4B38 /* PBXContainerItemProxy */;
		};
/* End PBXTargetDependency section */

/* Begin XCBuildConfiguration section */
		6676CC5B264B7C6E00AA4B38 /* Debug */ = {
			isa = XCBuildConfiguration;
			buildSettings = {
				ALWAYS_SEARCH_USER_PATHS = NO;
				CLANG_ANALYZER_NONNULL = YES;
				CLANG_ANALYZER_NUMBER_OBJECT_CONVERSION = YES_AGGRESSIVE;
				CLANG_CXX_LANGUAGE_STANDARD = "gnu++14";
				CLANG_CXX_LIBRARY = "libc++";
				CLANG_ENABLE_MODULES = YES;
				CLANG_ENABLE_OBJC_ARC = YES;
				CLANG_ENABLE_OBJC_WEAK = YES;
				CLANG_WARN_BLOCK_CAPTURE_AUTORELEASING = YES;
				CLANG_WARN_BOOL_CONVERSION = YES;
				CLANG_WARN_COMMA = YES;
				CLANG_WARN_CONSTANT_CONVERSION = YES;
				CLANG_WARN_DEPRECATED_OBJC_IMPLEMENTATIONS = YES;
				CLANG_WARN_DIRECT_OBJC_ISA_USAGE = YES_ERROR;
				CLANG_WARN_DOCUMENTATION_COMMENTS = YES;
				CLANG_WARN_EMPTY_BODY = YES;
				CLANG_WARN_ENUM_CONVERSION = YES;
				CLANG_WARN_INFINITE_RECURSION = YES;
				CLANG_WARN_INT_CONVERSION = YES;
				CLANG_WARN_NON_LITERAL_NULL_CONVERSION = YES;
				CLANG_WARN_OBJC_IMPLICIT_RETAIN_SELF = YES;
				CLANG_WARN_OBJC_LITERAL_CONVERSION = YES;
				CLANG_WARN_OBJC_ROOT_CLASS = YES_ERROR;
				CLANG_WARN_QUOTED_INCLUDE_IN_FRAMEWORK_HEADER = YES;
				CLANG_WARN_RANGE_LOOP_ANALYSIS = YES;
				CLANG_WARN_STRICT_PROTOTYPES = YES;
				CLANG_WARN_SUSPICIOUS_MOVE = YES;
				CLANG_WARN_UNGUARDED_AVAILABILITY = YES_AGGRESSIVE;
				CLANG_WARN_UNREACHABLE_CODE = YES;
				CLANG_WARN__DUPLICATE_METHOD_MATCH = YES;
				COPY_PHASE_STRIP = NO;
				DEBUG_INFORMATION_FORMAT = dwarf;
				ENABLE_STRICT_OBJC_MSGSEND = YES;
				ENABLE_TESTABILITY = YES;
				GCC_C_LANGUAGE_STANDARD = gnu11;
				GCC_DYNAMIC_NO_PIC = NO;
				GCC_NO_COMMON_BLOCKS = YES;
				GCC_OPTIMIZATION_LEVEL = 0;
				GCC_PREPROCESSOR_DEFINITIONS = (
					"DEBUG=1",
					"$(inherited)",
				);
				GCC_WARN_64_TO_32_BIT_CONVERSION = YES;
				GCC_WARN_ABOUT_RETURN_TYPE = YES_ERROR;
				GCC_WARN_UNDECLARED_SELECTOR = YES;
				GCC_WARN_UNINITIALIZED_AUTOS = YES_AGGRESSIVE;
				GCC_WARN_UNUSED_FUNCTION = YES;
				GCC_WARN_UNUSED_VARIABLE = YES;
				IPHONEOS_DEPLOYMENT_TARGET = 14.5;
				MTL_ENABLE_DEBUG_INFO = INCLUDE_SOURCE;
				MTL_FAST_MATH = YES;
				ONLY_ACTIVE_ARCH = YES;
				SDKROOT = iphoneos;
				SWIFT_ACTIVE_COMPILATION_CONDITIONS = DEBUG;
				SWIFT_OPTIMIZATION_LEVEL = "-Onone";
			};
			name = Debug;
		};
		6676CC5C264B7C6E00AA4B38 /* Release */ = {
			isa = XCBuildConfiguration;
			buildSettings = {
				ALWAYS_SEARCH_USER_PATHS = NO;
				CLANG_ANALYZER_NONNULL = YES;
				CLANG_ANALYZER_NUMBER_OBJECT_CONVERSION = YES_AGGRESSIVE;
				CLANG_CXX_LANGUAGE_STANDARD = "gnu++14";
				CLANG_CXX_LIBRARY = "libc++";
				CLANG_ENABLE_MODULES = YES;
				CLANG_ENABLE_OBJC_ARC = YES;
				CLANG_ENABLE_OBJC_WEAK = YES;
				CLANG_WARN_BLOCK_CAPTURE_AUTORELEASING = YES;
				CLANG_WARN_BOOL_CONVERSION = YES;
				CLANG_WARN_COMMA = YES;
				CLANG_WARN_CONSTANT_CONVERSION = YES;
				CLANG_WARN_DEPRECATED_OBJC_IMPLEMENTATIONS = YES;
				CLANG_WARN_DIRECT_OBJC_ISA_USAGE = YES_ERROR;
				CLANG_WARN_DOCUMENTATION_COMMENTS = YES;
				CLANG_WARN_EMPTY_BODY = YES;
				CLANG_WARN_ENUM_CONVERSION = YES;
				CLANG_WARN_INFINITE_RECURSION = YES;
				CLANG_WARN_INT_CONVERSION = YES;
				CLANG_WARN_NON_LITERAL_NULL_CONVERSION = YES;
				CLANG_WARN_OBJC_IMPLICIT_RETAIN_SELF = YES;
				CLANG_WARN_OBJC_LITERAL_CONVERSION = YES;
				CLANG_WARN_OBJC_ROOT_CLASS = YES_ERROR;
				CLANG_WARN_QUOTED_INCLUDE_IN_FRAMEWORK_HEADER = YES;
				CLANG_WARN_RANGE_LOOP_ANALYSIS = YES;
				CLANG_WARN_STRICT_PROTOTYPES = YES;
				CLANG_WARN_SUSPICIOUS_MOVE = YES;
				CLANG_WARN_UNGUARDED_AVAILABILITY = YES_AGGRESSIVE;
				CLANG_WARN_UNREACHABLE_CODE = YES;
				CLANG_WARN__DUPLICATE_METHOD_MATCH = YES;
				COPY_PHASE_STRIP = NO;
				DEBUG_INFORMATION_FORMAT = "dwarf-with-dsym";
				ENABLE_NS_ASSERTIONS = NO;
				ENABLE_STRICT_OBJC_MSGSEND = YES;
				GCC_C_LANGUAGE_STANDARD = gnu11;
				GCC_NO_COMMON_BLOCKS = YES;
				GCC_WARN_64_TO_32_BIT_CONVERSION = YES;
				GCC_WARN_ABOUT_RETURN_TYPE = YES_ERROR;
				GCC_WARN_UNDECLARED_SELECTOR = YES;
				GCC_WARN_UNINITIALIZED_AUTOS = YES_AGGRESSIVE;
				GCC_WARN_UNUSED_FUNCTION = YES;
				GCC_WARN_UNUSED_VARIABLE = YES;
				IPHONEOS_DEPLOYMENT_TARGET = 14.5;
				MTL_ENABLE_DEBUG_INFO = NO;
				MTL_FAST_MATH = YES;
				SDKROOT = iphoneos;
				SWIFT_COMPILATION_MODE = wholemodule;
				SWIFT_OPTIMIZATION_LEVEL = "-O";
				VALIDATE_PRODUCT = YES;
			};
			name = Release;
		};
		6676CC5E264B7C6E00AA4B38 /* Debug */ = {
			isa = XCBuildConfiguration;
			buildSettings = {
				ASSETCATALOG_COMPILER_APPICON_NAME = AppIcon;
				ASSETCATALOG_COMPILER_GLOBAL_ACCENT_COLOR_NAME = AccentColor;
				CODE_SIGN_STYLE = Automatic;
				DEVELOPMENT_ASSET_PATHS = "\"Expiration/Preview Content\"";
				DEVELOPMENT_TEAM = 8TC4W5JV38;
				ENABLE_PREVIEWS = YES;
				INFOPLIST_FILE = Expiration/Info.plist;
				IPHONEOS_DEPLOYMENT_TARGET = 14.0;
				LD_RUNPATH_SEARCH_PATHS = (
					"$(inherited)",
					"@executable_path/Frameworks",
				);
				PRODUCT_BUNDLE_IDENTIFIER = cho.Expiration;
				PRODUCT_NAME = "$(TARGET_NAME)";
				SWIFT_VERSION = 5.0;
				TARGETED_DEVICE_FAMILY = 1;
			};
			name = Debug;
		};
		6676CC5F264B7C6E00AA4B38 /* Release */ = {
			isa = XCBuildConfiguration;
			buildSettings = {
				ASSETCATALOG_COMPILER_APPICON_NAME = AppIcon;
				ASSETCATALOG_COMPILER_GLOBAL_ACCENT_COLOR_NAME = AccentColor;
				CODE_SIGN_STYLE = Automatic;
				DEVELOPMENT_ASSET_PATHS = "\"Expiration/Preview Content\"";
				DEVELOPMENT_TEAM = 8TC4W5JV38;
				ENABLE_PREVIEWS = YES;
				INFOPLIST_FILE = Expiration/Info.plist;
				IPHONEOS_DEPLOYMENT_TARGET = 14.0;
				LD_RUNPATH_SEARCH_PATHS = (
					"$(inherited)",
					"@executable_path/Frameworks",
				);
				PRODUCT_BUNDLE_IDENTIFIER = cho.Expiration;
				PRODUCT_NAME = "$(TARGET_NAME)";
				SWIFT_VERSION = 5.0;
				TARGETED_DEVICE_FAMILY = 1;
			};
			name = Release;
		};
		6676CC61264B7C6E00AA4B38 /* Debug */ = {
			isa = XCBuildConfiguration;
			buildSettings = {
				ALWAYS_EMBED_SWIFT_STANDARD_LIBRARIES = YES;
				BUNDLE_LOADER = "$(TEST_HOST)";
				CODE_SIGN_STYLE = Automatic;
				DEVELOPMENT_TEAM = 8TC4W5JV38;
				INFOPLIST_FILE = ExpirationTests/Info.plist;
				IPHONEOS_DEPLOYMENT_TARGET = 14.0;
				LD_RUNPATH_SEARCH_PATHS = (
					"$(inherited)",
					"@executable_path/Frameworks",
					"@loader_path/Frameworks",
				);
				PRODUCT_BUNDLE_IDENTIFIER = cho.ExpirationTests;
				PRODUCT_NAME = "$(TARGET_NAME)";
				SWIFT_VERSION = 5.0;
				TARGETED_DEVICE_FAMILY = "1,2";
				TEST_HOST = "$(BUILT_PRODUCTS_DIR)/Expiration.app/Expiration";
			};
			name = Debug;
		};
		6676CC62264B7C6E00AA4B38 /* Release */ = {
			isa = XCBuildConfiguration;
			buildSettings = {
				ALWAYS_EMBED_SWIFT_STANDARD_LIBRARIES = YES;
				BUNDLE_LOADER = "$(TEST_HOST)";
				CODE_SIGN_STYLE = Automatic;
				DEVELOPMENT_TEAM = 8TC4W5JV38;
				INFOPLIST_FILE = ExpirationTests/Info.plist;
				IPHONEOS_DEPLOYMENT_TARGET = 14.0;
				LD_RUNPATH_SEARCH_PATHS = (
					"$(inherited)",
					"@executable_path/Frameworks",
					"@loader_path/Frameworks",
				);
				PRODUCT_BUNDLE_IDENTIFIER = cho.ExpirationTests;
				PRODUCT_NAME = "$(TARGET_NAME)";
				SWIFT_VERSION = 5.0;
				TARGETED_DEVICE_FAMILY = "1,2";
				TEST_HOST = "$(BUILT_PRODUCTS_DIR)/Expiration.app/Expiration";
			};
			name = Release;
		};
		6676CC64264B7C6E00AA4B38 /* Debug */ = {
			isa = XCBuildConfiguration;
			buildSettings = {
				ALWAYS_EMBED_SWIFT_STANDARD_LIBRARIES = YES;
				CODE_SIGN_STYLE = Automatic;
				DEVELOPMENT_TEAM = 8TC4W5JV38;
				INFOPLIST_FILE = ExpirationUITests/Info.plist;
				LD_RUNPATH_SEARCH_PATHS = (
					"$(inherited)",
					"@executable_path/Frameworks",
					"@loader_path/Frameworks",
				);
				PRODUCT_BUNDLE_IDENTIFIER = cho.ExpirationUITests;
				PRODUCT_NAME = "$(TARGET_NAME)";
				SWIFT_VERSION = 5.0;
				TARGETED_DEVICE_FAMILY = "1,2";
				TEST_TARGET_NAME = Expiration;
			};
			name = Debug;
		};
		6676CC65264B7C6E00AA4B38 /* Release */ = {
			isa = XCBuildConfiguration;
			buildSettings = {
				ALWAYS_EMBED_SWIFT_STANDARD_LIBRARIES = YES;
				CODE_SIGN_STYLE = Automatic;
				DEVELOPMENT_TEAM = 8TC4W5JV38;
				INFOPLIST_FILE = ExpirationUITests/Info.plist;
				LD_RUNPATH_SEARCH_PATHS = (
					"$(inherited)",
					"@executable_path/Frameworks",
					"@loader_path/Frameworks",
				);
				PRODUCT_BUNDLE_IDENTIFIER = cho.ExpirationUITests;
				PRODUCT_NAME = "$(TARGET_NAME)";
				SWIFT_VERSION = 5.0;
				TARGETED_DEVICE_FAMILY = "1,2";
				TEST_TARGET_NAME = Expiration;
			};
			name = Release;
		};
/* End XCBuildConfiguration section */

/* Begin XCConfigurationList section */
		6676CC2E264B7C6E00AA4B38 /* Build configuration list for PBXProject "Expiration" */ = {
			isa = XCConfigurationList;
			buildConfigurations = (
				6676CC5B264B7C6E00AA4B38 /* Debug */,
				6676CC5C264B7C6E00AA4B38 /* Release */,
			);
			defaultConfigurationIsVisible = 0;
			defaultConfigurationName = Release;
		};
		6676CC5D264B7C6E00AA4B38 /* Build configuration list for PBXNativeTarget "Expiration" */ = {
			isa = XCConfigurationList;
			buildConfigurations = (
				6676CC5E264B7C6E00AA4B38 /* Debug */,
				6676CC5F264B7C6E00AA4B38 /* Release */,
			);
			defaultConfigurationIsVisible = 0;
			defaultConfigurationName = Release;
		};
		6676CC60264B7C6E00AA4B38 /* Build configuration list for PBXNativeTarget "ExpirationTests" */ = {
			isa = XCConfigurationList;
			buildConfigurations = (
				6676CC61264B7C6E00AA4B38 /* Debug */,
				6676CC62264B7C6E00AA4B38 /* Release */,
			);
			defaultConfigurationIsVisible = 0;
			defaultConfigurationName = Release;
		};
		6676CC63264B7C6E00AA4B38 /* Build configuration list for PBXNativeTarget "ExpirationUITests" */ = {
			isa = XCConfigurationList;
			buildConfigurations = (
				6676CC64264B7C6E00AA4B38 /* Debug */,
				6676CC65264B7C6E00AA4B38 /* Release */,
			);
			defaultConfigurationIsVisible = 0;
			defaultConfigurationName = Release;
		};
/* End XCConfigurationList section */

/* Begin XCVersionGroup section */
		6676CC41264B7C6E00AA4B38 /* Expiration.xcdatamodeld */ = {
			isa = XCVersionGroup;
			children = (
				6676CC42264B7C6E00AA4B38 /* Expiration.xcdatamodel */,
			);
			currentVersion = 6676CC42264B7C6E00AA4B38 /* Expiration.xcdatamodel */;
			path = Expiration.xcdatamodeld;
			sourceTree = "<group>";
			versionGroupType = wrapper.xcdatamodel;
		};
/* End XCVersionGroup section */
	};
	rootObject = 6676CC2B264B7C6E00AA4B38 /* Project object */;
}
