// !$*UTF8*$!
{
	archiveVersion = 1;
	classes = {
	};
	objectVersion = 52;
	objects = {

/* Begin PBXBuildFile section */
		6629435626D09AAE00E3D1E2 /* Setting.swift in Sources */ = {isa = PBXBuildFile; fileRef = 6629435526D09AAE00E3D1E2 /* Setting.swift */; };
		6629435826D0A03F00E3D1E2 /* AlarmSetting.swift in Sources */ = {isa = PBXBuildFile; fileRef = 6629435726D0A03F00E3D1E2 /* AlarmSetting.swift */; };
		66297814264CCC04007E4B17 /* Add.swift in Sources */ = {isa = PBXBuildFile; fileRef = 66297813264CCC04007E4B17 /* Add.swift */; };
		66297817264CEF94007E4B17 /* Camera.swift in Sources */ = {isa = PBXBuildFile; fileRef = 66297816264CEF94007E4B17 /* Camera.swift */; };
		662D6F6126CC594600BE492B /* GoogleService-Info.plist in Resources */ = {isa = PBXBuildFile; fileRef = 662D6F6026CC594600BE492B /* GoogleService-Info.plist */; };
		6633EF5926CDE0C2001249FA /* LoadingView.swift in Sources */ = {isa = PBXBuildFile; fileRef = 6633EF5826CDE0C2001249FA /* LoadingView.swift */; };
		6660FA3A26C8B4E100128FBF /* MainView.swift in Sources */ = {isa = PBXBuildFile; fileRef = 6660FA3926C8B4E100128FBF /* MainView.swift */; };
		6660FA4126C9715000128FBF /* FileManagerController.swift.swift in Sources */ = {isa = PBXBuildFile; fileRef = 6660FA4026C9715000128FBF /* FileManagerController.swift.swift */; };
		666A704426D0B8AA00853E1E /* FCM.swift.swift in Sources */ = {isa = PBXBuildFile; fileRef = 666A704326D0B8AA00853E1E /* FCM.swift.swift */; };
		666A704626D0B8F700853E1E /* FCMController.swift in Sources */ = {isa = PBXBuildFile; fileRef = 666A704526D0B8F700853E1E /* FCMController.swift */; };
		666A704926D1FC0900853E1E /* HelpScreen.swift in Sources */ = {isa = PBXBuildFile; fileRef = 666A704826D1FC0900853E1E /* HelpScreen.swift */; };
		666A704B26D1FF0100853E1E /* IntroduceThisApp.swift in Sources */ = {isa = PBXBuildFile; fileRef = 666A704A26D1FF0100853E1E /* IntroduceThisApp.swift */; };
		666A704D26D1FF4E00853E1E /* HowToAddProduct.swift in Sources */ = {isa = PBXBuildFile; fileRef = 666A704C26D1FF4E00853E1E /* HowToAddProduct.swift */; };
		666A704F26D1FF5700853E1E /* HowToAddCategory.swift in Sources */ = {isa = PBXBuildFile; fileRef = 666A704E26D1FF5700853E1E /* HowToAddCategory.swift */; };
		666A705126D1FF6E00853E1E /* HowToSetAlertTime.swift in Sources */ = {isa = PBXBuildFile; fileRef = 666A705026D1FF6E00853E1E /* HowToSetAlertTime.swift */; };
		666A705326D1FF7D00853E1E /* PleaseLetMeKnow.swift in Sources */ = {isa = PBXBuildFile; fileRef = 666A705226D1FF7D00853E1E /* PleaseLetMeKnow.swift */; };
		66756210264BDEEC00EF0CE8 /* Menu.swift in Sources */ = {isa = PBXBuildFile; fileRef = 6675620F264BDEEC00EF0CE8 /* Menu.swift */; };
		6676CC37264B7C6E00AA4B38 /* ExpirationApp.swift in Sources */ = {isa = PBXBuildFile; fileRef = 6676CC36264B7C6E00AA4B38 /* ExpirationApp.swift */; };
		6676CC39264B7C6E00AA4B38 /* ContentView.swift in Sources */ = {isa = PBXBuildFile; fileRef = 6676CC38264B7C6E00AA4B38 /* ContentView.swift */; };
		6676CC3B264B7C6E00AA4B38 /* Assets.xcassets in Resources */ = {isa = PBXBuildFile; fileRef = 6676CC3A264B7C6E00AA4B38 /* Assets.xcassets */; };
		6676CC3E264B7C6E00AA4B38 /* Preview Assets.xcassets in Resources */ = {isa = PBXBuildFile; fileRef = 6676CC3D264B7C6E00AA4B38 /* Preview Assets.xcassets */; };
		6676CC4E264B7C6E00AA4B38 /* ExpirationTests.swift in Sources */ = {isa = PBXBuildFile; fileRef = 6676CC4D264B7C6E00AA4B38 /* ExpirationTests.swift */; };
		6676CC59264B7C6E00AA4B38 /* ExpirationUITests.swift in Sources */ = {isa = PBXBuildFile; fileRef = 6676CC58264B7C6E00AA4B38 /* ExpirationUITests.swift */; };
		6681D5A826C80A3D009F77C6 /* Expiration.xcdatamodeld in Sources */ = {isa = PBXBuildFile; fileRef = 6681D5A626C80A3D009F77C6 /* Expiration.xcdatamodeld */; };
		6681D5AA26C80AA7009F77C6 /* Persistence.swift in Sources */ = {isa = PBXBuildFile; fileRef = 6681D5A926C80AA7009F77C6 /* Persistence.swift */; };
		6681D5AD26C87DA6009F77C6 /* FirebaseAnalytics in Frameworks */ = {isa = PBXBuildFile; productRef = 6681D5AC26C87DA6009F77C6 /* FirebaseAnalytics */; };
		6681D5AF26C87DA6009F77C6 /* FirebaseMessaging in Frameworks */ = {isa = PBXBuildFile; productRef = 6681D5AE26C87DA6009F77C6 /* FirebaseMessaging */; };
		669DDCEA26D84C4A002E8810 /* TestView.swift.swift in Sources */ = {isa = PBXBuildFile; fileRef = 669DDCE926D84C4A002E8810 /* TestView.swift.swift */; };
		66A7209826C7199600CEA40B /* Edit.swift in Sources */ = {isa = PBXBuildFile; fileRef = 66A7209726C7199600CEA40B /* Edit.swift */; };
		66B7FD01268D1CE60057B39C /* Login.swift in Sources */ = {isa = PBXBuildFile; fileRef = 66B7FD00268D1CE60057B39C /* Login.swift */; };
		66B7FD03268D1CF70057B39C /* CreateAccount.swift in Sources */ = {isa = PBXBuildFile; fileRef = 66B7FD02268D1CF70057B39C /* CreateAccount.swift */; };
		66B7FD05268D1D030057B39C /* FindAccount.swift in Sources */ = {isa = PBXBuildFile; fileRef = 66B7FD04268D1D030057B39C /* FindAccount.swift */; };
		66C7A885264B7D6300ED7C68 /* ListView.swift in Sources */ = {isa = PBXBuildFile; fileRef = 66C7A884264B7D6300ED7C68 /* ListView.swift */; };
		66C7A888264B7DC600ED7C68 /* AppModel.swift in Sources */ = {isa = PBXBuildFile; fileRef = 66C7A887264B7DC600ED7C68 /* AppModel.swift */; };
		66C7A88E264BCBD900ED7C68 /* Card.swift in Sources */ = {isa = PBXBuildFile; fileRef = 66C7A88D264BCBD900ED7C68 /* Card.swift */; };
		66C7A890264BCCC100ED7C68 /* Product.swift in Sources */ = {isa = PBXBuildFile; fileRef = 66C7A88F264BCCC100ED7C68 /* Product.swift */; };
		66D284F1268987C900EDD2E6 /* Member.swift in Sources */ = {isa = PBXBuildFile; fileRef = 66D284F0268987C900EDD2E6 /* Member.swift */; };
		66D284F3268987FD00EDD2E6 /* ProductController.swift in Sources */ = {isa = PBXBuildFile; fileRef = 66D284F2268987FD00EDD2E6 /* ProductController.swift */; };
		66D284F52689880700EDD2E6 /* MemberController.swift in Sources */ = {isa = PBXBuildFile; fileRef = 66D284F42689880700EDD2E6 /* MemberController.swift */; };
		66F124BB26D2321C00B924D4 /* UserRequest.swift in Sources */ = {isa = PBXBuildFile; fileRef = 66F124BA26D2321C00B924D4 /* UserRequest.swift */; };
		66F8CE1626C56DBC00B88E43 /* Category.swift in Sources */ = {isa = PBXBuildFile; fileRef = 66F8CE1526C56DBC00B88E43 /* Category.swift */; };
		66F8CE1826C586DF00B88E43 /* CategoryController.swift in Sources */ = {isa = PBXBuildFile; fileRef = 66F8CE1726C586DF00B88E43 /* CategoryController.swift */; };
/* End PBXBuildFile section */

/* Begin PBXContainerItemProxy section */
		6676CC4A264B7C6E00AA4B38 /* PBXContainerItemProxy */ = {
			isa = PBXContainerItemProxy;
			containerPortal = 6676CC2B264B7C6E00AA4B38 /* Project object */;
			proxyType = 1;
			remoteGlobalIDString = 6676CC32264B7C6E00AA4B38;
			remoteInfo = Expiration;
		};
		6676CC55264B7C6E00AA4B38 /* PBXContainerItemProxy */ = {
			isa = PBXContainerItemProxy;
			containerPortal = 6676CC2B264B7C6E00AA4B38 /* Project object */;
			proxyType = 1;
			remoteGlobalIDString = 6676CC32264B7C6E00AA4B38;
			remoteInfo = Expiration;
		};
/* End PBXContainerItemProxy section */

/* Begin PBXFileReference section */
		6629435526D09AAE00E3D1E2 /* Setting.swift */ = {isa = PBXFileReference; lastKnownFileType = sourcecode.swift; path = Setting.swift; sourceTree = "<group>"; };
		6629435726D0A03F00E3D1E2 /* AlarmSetting.swift */ = {isa = PBXFileReference; lastKnownFileType = sourcecode.swift; path = AlarmSetting.swift; sourceTree = "<group>"; };
		66297813264CCC04007E4B17 /* Add.swift */ = {isa = PBXFileReference; lastKnownFileType = sourcecode.swift; path = Add.swift; sourceTree = "<group>"; };
		66297816264CEF94007E4B17 /* Camera.swift */ = {isa = PBXFileReference; lastKnownFileType = sourcecode.swift; path = Camera.swift; sourceTree = "<group>"; };
		662D6F6026CC594600BE492B /* GoogleService-Info.plist */ = {isa = PBXFileReference; fileEncoding = 4; lastKnownFileType = text.plist.xml; name = "GoogleService-Info.plist"; path = "../../GoogleService-Info.plist"; sourceTree = "<group>"; };
		662D6F6226CC5F4400BE492B /* Expiration.entitlements */ = {isa = PBXFileReference; lastKnownFileType = text.plist.entitlements; path = Expiration.entitlements; sourceTree = "<group>"; };
		6633EF5826CDE0C2001249FA /* LoadingView.swift */ = {isa = PBXFileReference; lastKnownFileType = sourcecode.swift; path = LoadingView.swift; sourceTree = "<group>"; };
		6660FA3926C8B4E100128FBF /* MainView.swift */ = {isa = PBXFileReference; lastKnownFileType = sourcecode.swift; path = MainView.swift; sourceTree = "<group>"; };
		6660FA4026C9715000128FBF /* FileManagerController.swift.swift */ = {isa = PBXFileReference; lastKnownFileType = sourcecode.swift; path = FileManagerController.swift.swift; sourceTree = "<group>"; };
		666A704326D0B8AA00853E1E /* FCM.swift.swift */ = {isa = PBXFileReference; lastKnownFileType = sourcecode.swift; path = FCM.swift.swift; sourceTree = "<group>"; };
		666A704526D0B8F700853E1E /* FCMController.swift */ = {isa = PBXFileReference; lastKnownFileType = sourcecode.swift; path = FCMController.swift; sourceTree = "<group>"; };
		666A704826D1FC0900853E1E /* HelpScreen.swift */ = {isa = PBXFileReference; lastKnownFileType = sourcecode.swift; path = HelpScreen.swift; sourceTree = "<group>"; };
		666A704A26D1FF0100853E1E /* IntroduceThisApp.swift */ = {isa = PBXFileReference; lastKnownFileType = sourcecode.swift; path = IntroduceThisApp.swift; sourceTree = "<group>"; };
		666A704C26D1FF4E00853E1E /* HowToAddProduct.swift */ = {isa = PBXFileReference; lastKnownFileType = sourcecode.swift; path = HowToAddProduct.swift; sourceTree = "<group>"; };
		666A704E26D1FF5700853E1E /* HowToAddCategory.swift */ = {isa = PBXFileReference; lastKnownFileType = sourcecode.swift; path = HowToAddCategory.swift; sourceTree = "<group>"; };
		666A705026D1FF6E00853E1E /* HowToSetAlertTime.swift */ = {isa = PBXFileReference; lastKnownFileType = sourcecode.swift; path = HowToSetAlertTime.swift; sourceTree = "<group>"; };
		666A705226D1FF7D00853E1E /* PleaseLetMeKnow.swift */ = {isa = PBXFileReference; lastKnownFileType = sourcecode.swift; path = PleaseLetMeKnow.swift; sourceTree = "<group>"; };
		6675620F264BDEEC00EF0CE8 /* Menu.swift */ = {isa = PBXFileReference; lastKnownFileType = sourcecode.swift; path = Menu.swift; sourceTree = "<group>"; };
		6676CC33264B7C6E00AA4B38 /* Expiration.app */ = {isa = PBXFileReference; explicitFileType = wrapper.application; includeInIndex = 0; path = Expiration.app; sourceTree = BUILT_PRODUCTS_DIR; };
		6676CC36264B7C6E00AA4B38 /* ExpirationApp.swift */ = {isa = PBXFileReference; lastKnownFileType = sourcecode.swift; path = ExpirationApp.swift; sourceTree = "<group>"; };
		6676CC38264B7C6E00AA4B38 /* ContentView.swift */ = {isa = PBXFileReference; lastKnownFileType = sourcecode.swift; path = ContentView.swift; sourceTree = "<group>"; };
		6676CC3A264B7C6E00AA4B38 /* Assets.xcassets */ = {isa = PBXFileReference; lastKnownFileType = folder.assetcatalog; path = Assets.xcassets; sourceTree = "<group>"; };
		6676CC3D264B7C6E00AA4B38 /* Preview Assets.xcassets */ = {isa = PBXFileReference; lastKnownFileType = folder.assetcatalog; path = "Preview Assets.xcassets"; sourceTree = "<group>"; };
		6676CC44264B7C6E00AA4B38 /* Info.plist */ = {isa = PBXFileReference; lastKnownFileType = text.plist.xml; path = Info.plist; sourceTree = "<group>"; };
		6676CC49264B7C6E00AA4B38 /* ExpirationTests.xctest */ = {isa = PBXFileReference; explicitFileType = wrapper.cfbundle; includeInIndex = 0; path = ExpirationTests.xctest; sourceTree = BUILT_PRODUCTS_DIR; };
		6676CC4D264B7C6E00AA4B38 /* ExpirationTests.swift */ = {isa = PBXFileReference; lastKnownFileType = sourcecode.swift; path = ExpirationTests.swift; sourceTree = "<group>"; };
		6676CC4F264B7C6E00AA4B38 /* Info.plist */ = {isa = PBXFileReference; lastKnownFileType = text.plist.xml; path = Info.plist; sourceTree = "<group>"; };
		6676CC54264B7C6E00AA4B38 /* ExpirationUITests.xctest */ = {isa = PBXFileReference; explicitFileType = wrapper.cfbundle; includeInIndex = 0; path = ExpirationUITests.xctest; sourceTree = BUILT_PRODUCTS_DIR; };
		6676CC58264B7C6E00AA4B38 /* ExpirationUITests.swift */ = {isa = PBXFileReference; lastKnownFileType = sourcecode.swift; path = ExpirationUITests.swift; sourceTree = "<group>"; };
		6676CC5A264B7C6E00AA4B38 /* Info.plist */ = {isa = PBXFileReference; lastKnownFileType = text.plist.xml; path = Info.plist; sourceTree = "<group>"; };
		6681D5A726C80A3D009F77C6 /* Expiration.xcdatamodel */ = {isa = PBXFileReference; lastKnownFileType = wrapper.xcdatamodel; path = Expiration.xcdatamodel; sourceTree = "<group>"; };
		6681D5A926C80AA7009F77C6 /* Persistence.swift */ = {isa = PBXFileReference; lastKnownFileType = sourcecode.swift; path = Persistence.swift; sourceTree = "<group>"; };
		669DDCE926D84C4A002E8810 /* TestView.swift.swift */ = {isa = PBXFileReference; lastKnownFileType = sourcecode.swift; path = TestView.swift.swift; sourceTree = "<group>"; };
		66A7209726C7199600CEA40B /* Edit.swift */ = {isa = PBXFileReference; lastKnownFileType = sourcecode.swift; path = Edit.swift; sourceTree = "<group>"; };
		66B7FD00268D1CE60057B39C /* Login.swift */ = {isa = PBXFileReference; lastKnownFileType = sourcecode.swift; path = Login.swift; sourceTree = "<group>"; };
		66B7FD02268D1CF70057B39C /* CreateAccount.swift */ = {isa = PBXFileReference; lastKnownFileType = sourcecode.swift; path = CreateAccount.swift; sourceTree = "<group>"; };
		66B7FD04268D1D030057B39C /* FindAccount.swift */ = {isa = PBXFileReference; lastKnownFileType = sourcecode.swift; path = FindAccount.swift; sourceTree = "<group>"; };
		66C7A884264B7D6300ED7C68 /* ListView.swift */ = {isa = PBXFileReference; lastKnownFileType = sourcecode.swift; path = ListView.swift; sourceTree = "<group>"; };
		66C7A887264B7DC600ED7C68 /* AppModel.swift */ = {isa = PBXFileReference; lastKnownFileType = sourcecode.swift; path = AppModel.swift; sourceTree = "<group>"; };
		66C7A88D264BCBD900ED7C68 /* Card.swift */ = {isa = PBXFileReference; lastKnownFileType = sourcecode.swift; path = Card.swift; sourceTree = "<group>"; };
		66C7A88F264BCCC100ED7C68 /* Product.swift */ = {isa = PBXFileReference; lastKnownFileType = sourcecode.swift; path = Product.swift; sourceTree = "<group>"; };
		66D284F0268987C900EDD2E6 /* Member.swift */ = {isa = PBXFileReference; lastKnownFileType = sourcecode.swift; path = Member.swift; sourceTree = "<group>"; };
		66D284F2268987FD00EDD2E6 /* ProductController.swift */ = {isa = PBXFileReference; lastKnownFileType = sourcecode.swift; path = ProductController.swift; sourceTree = "<group>"; };
		66D284F42689880700EDD2E6 /* MemberController.swift */ = {isa = PBXFileReference; lastKnownFileType = sourcecode.swift; path = MemberController.swift; sourceTree = "<group>"; };
		66F124BA26D2321C00B924D4 /* UserRequest.swift */ = {isa = PBXFileReference; lastKnownFileType = sourcecode.swift; path = UserRequest.swift; sourceTree = "<group>"; };
		66F8CE1526C56DBC00B88E43 /* Category.swift */ = {isa = PBXFileReference; lastKnownFileType = sourcecode.swift; path = Category.swift; sourceTree = "<group>"; };
		66F8CE1726C586DF00B88E43 /* CategoryController.swift */ = {isa = PBXFileReference; lastKnownFileType = sourcecode.swift; path = CategoryController.swift; sourceTree = "<group>"; };
/* End PBXFileReference section */

/* Begin PBXFrameworksBuildPhase section */
		6676CC30264B7C6E00AA4B38 /* Frameworks */ = {
			isa = PBXFrameworksBuildPhase;
			buildActionMask = 2147483647;
			files = (
				6681D5AF26C87DA6009F77C6 /* FirebaseMessaging in Frameworks */,
				6681D5AD26C87DA6009F77C6 /* FirebaseAnalytics in Frameworks */,
			);
			runOnlyForDeploymentPostprocessing = 0;
		};
		6676CC46264B7C6E00AA4B38 /* Frameworks */ = {
			isa = PBXFrameworksBuildPhase;
			buildActionMask = 2147483647;
			files = (
			);
			runOnlyForDeploymentPostprocessing = 0;
		};
		6676CC51264B7C6E00AA4B38 /* Frameworks */ = {
			isa = PBXFrameworksBuildPhase;
			buildActionMask = 2147483647;
			files = (
			);
			runOnlyForDeploymentPostprocessing = 0;
		};
/* End PBXFrameworksBuildPhase section */

/* Begin PBXGroup section */
		6629435426D09AA200E3D1E2 /* Settings */ = {
			isa = PBXGroup;
			children = (
				6629435526D09AAE00E3D1E2 /* Setting.swift */,
				6629435726D0A03F00E3D1E2 /* AlarmSetting.swift */,
				66F124BA26D2321C00B924D4 /* UserRequest.swift */,
			);
			path = Settings;
			sourceTree = "<group>";
		};
		66297815264CEF82007E4B17 /* ViewController */ = {
			isa = PBXGroup;
			children = (
				66297816264CEF94007E4B17 /* Camera.swift */,
			);
			path = ViewController;
			sourceTree = "<group>";
		};
		6633EF5726CDE0B4001249FA /* Loading */ = {
			isa = PBXGroup;
			children = (
				6633EF5826CDE0C2001249FA /* LoadingView.swift */,
			);
			path = Loading;
			sourceTree = "<group>";
		};
		66577C4926895C70009412E2 /* Login */ = {
			isa = PBXGroup;
			children = (
				66B7FD00268D1CE60057B39C /* Login.swift */,
				66B7FD02268D1CF70057B39C /* CreateAccount.swift */,
				66B7FD04268D1D030057B39C /* FindAccount.swift */,
			);
			path = Login;
			sourceTree = "<group>";
		};
		66577C4A26895C7B009412E2 /* Menu */ = {
			isa = PBXGroup;
			children = (
				6675620F264BDEEC00EF0CE8 /* Menu.swift */,
			);
			path = Menu;
			sourceTree = "<group>";
		};
		66577C4B26895C8F009412E2 /* List */ = {
			isa = PBXGroup;
			children = (
				66C7A88D264BCBD900ED7C68 /* Card.swift */,
				66C7A884264B7D6300ED7C68 /* ListView.swift */,
			);
			path = List;
			sourceTree = "<group>";
		};
		66577C4C26895CB0009412E2 /* Add */ = {
			isa = PBXGroup;
			children = (
				66297813264CCC04007E4B17 /* Add.swift */,
			);
			path = Add;
			sourceTree = "<group>";
		};
		66577C4D26895DFE009412E2 /* ModelController */ = {
			isa = PBXGroup;
			children = (
				66D284F2268987FD00EDD2E6 /* ProductController.swift */,
				66D284F42689880700EDD2E6 /* MemberController.swift */,
				66F8CE1726C586DF00B88E43 /* CategoryController.swift */,
				666A704526D0B8F700853E1E /* FCMController.swift */,
			);
			path = ModelController;
			sourceTree = "<group>";
		};
		6660FA3826C8B4D400128FBF /* Main */ = {
			isa = PBXGroup;
			children = (
				6660FA3926C8B4E100128FBF /* MainView.swift */,
			);
			path = Main;
			sourceTree = "<group>";
		};
		6660FA3F26C9713A00128FBF /* FileManager */ = {
			isa = PBXGroup;
			children = (
				6660FA4026C9715000128FBF /* FileManagerController.swift.swift */,
			);
			path = FileManager;
			sourceTree = "<group>";
		};
		666A704726D1FBF800853E1E /* Help */ = {
			isa = PBXGroup;
			children = (
				666A704826D1FC0900853E1E /* HelpScreen.swift */,
				666A704A26D1FF0100853E1E /* IntroduceThisApp.swift */,
				666A704C26D1FF4E00853E1E /* HowToAddProduct.swift */,
				666A704E26D1FF5700853E1E /* HowToAddCategory.swift */,
				666A705026D1FF6E00853E1E /* HowToSetAlertTime.swift */,
				666A705226D1FF7D00853E1E /* PleaseLetMeKnow.swift */,
			);
			path = Help;
			sourceTree = "<group>";
		};
		6676CC2A264B7C6E00AA4B38 = {
			isa = PBXGroup;
			children = (
				6676CC35264B7C6E00AA4B38 /* Expiration */,
				6676CC4C264B7C6E00AA4B38 /* ExpirationTests */,
				6676CC57264B7C6E00AA4B38 /* ExpirationUITests */,
				6676CC34264B7C6E00AA4B38 /* Products */,
			);
			sourceTree = "<group>";
		};
		6676CC34264B7C6E00AA4B38 /* Products */ = {
			isa = PBXGroup;
			children = (
				6676CC33264B7C6E00AA4B38 /* Expiration.app */,
				6676CC49264B7C6E00AA4B38 /* ExpirationTests.xctest */,
				6676CC54264B7C6E00AA4B38 /* ExpirationUITests.xctest */,
			);
			name = Products;
			sourceTree = "<group>";
		};
		6676CC35264B7C6E00AA4B38 /* Expiration */ = {
			isa = PBXGroup;
			children = (
				662D6F6226CC5F4400BE492B /* Expiration.entitlements */,
				6660FA3F26C9713A00128FBF /* FileManager */,
				66577C4D26895DFE009412E2 /* ModelController */,
				66C7A886264B7DA600ED7C68 /* Model */,
				66C7A889264B7DCD00ED7C68 /* shared */,
				66C7A88A264B7DF200ED7C68 /* View */,
				66297815264CEF82007E4B17 /* ViewController */,
				6681D5A926C80AA7009F77C6 /* Persistence.swift */,
				6676CC3A264B7C6E00AA4B38 /* Assets.xcassets */,
				6676CC44264B7C6E00AA4B38 /* Info.plist */,
				6676CC3C264B7C6E00AA4B38 /* Preview Content */,
				6681D5A626C80A3D009F77C6 /* Expiration.xcdatamodeld */,
				662D6F6026CC594600BE492B /* GoogleService-Info.plist */,
				669DDCE926D84C4A002E8810 /* TestView.swift.swift */,
			);
			path = Expiration;
			sourceTree = "<group>";
		};
		6676CC3C264B7C6E00AA4B38 /* Preview Content */ = {
			isa = PBXGroup;
			children = (
				6676CC3D264B7C6E00AA4B38 /* Preview Assets.xcassets */,
			);
			path = "Preview Content";
			sourceTree = "<group>";
		};
		6676CC4C264B7C6E00AA4B38 /* ExpirationTests */ = {
			isa = PBXGroup;
			children = (
				6676CC4D264B7C6E00AA4B38 /* ExpirationTests.swift */,
				6676CC4F264B7C6E00AA4B38 /* Info.plist */,
			);
			path = ExpirationTests;
			sourceTree = "<group>";
		};
		6676CC57264B7C6E00AA4B38 /* ExpirationUITests */ = {
			isa = PBXGroup;
			children = (
				6676CC58264B7C6E00AA4B38 /* ExpirationUITests.swift */,
				6676CC5A264B7C6E00AA4B38 /* Info.plist */,
			);
			path = ExpirationUITests;
			sourceTree = "<group>";
		};
		66A7209626C7198100CEA40B /* Edit */ = {
			isa = PBXGroup;
			children = (
				66A7209726C7199600CEA40B /* Edit.swift */,
			);
			path = Edit;
			sourceTree = "<group>";
		};
		66C7A886264B7DA600ED7C68 /* Model */ = {
			isa = PBXGroup;
			children = (
				66C7A887264B7DC600ED7C68 /* AppModel.swift */,
				66C7A88F264BCCC100ED7C68 /* Product.swift */,
				66D284F0268987C900EDD2E6 /* Member.swift */,
				66F8CE1526C56DBC00B88E43 /* Category.swift */,
				666A704326D0B8AA00853E1E /* FCM.swift.swift */,
			);
			path = Model;
			sourceTree = "<group>";
		};
		66C7A889264B7DCD00ED7C68 /* shared */ = {
			isa = PBXGroup;
			children = (
				6676CC36264B7C6E00AA4B38 /* ExpirationApp.swift */,
				6676CC38264B7C6E00AA4B38 /* ContentView.swift */,
			);
			path = shared;
			sourceTree = "<group>";
		};
		66C7A88A264B7DF200ED7C68 /* View */ = {
			isa = PBXGroup;
			children = (
				666A704726D1FBF800853E1E /* Help */,
				6629435426D09AA200E3D1E2 /* Settings */,
				6633EF5726CDE0B4001249FA /* Loading */,
				6660FA3826C8B4D400128FBF /* Main */,
				66A7209626C7198100CEA40B /* Edit */,
				66577C4C26895CB0009412E2 /* Add */,
				66577C4B26895C8F009412E2 /* List */,
				66577C4A26895C7B009412E2 /* Menu */,
				66577C4926895C70009412E2 /* Login */,
			);
			path = View;
			sourceTree = "<group>";
		};
/* End PBXGroup section */

/* Begin PBXNativeTarget section */
		6676CC32264B7C6E00AA4B38 /* Expiration */ = {
			isa = PBXNativeTarget;
			buildConfigurationList = 6676CC5D264B7C6E00AA4B38 /* Build configuration list for PBXNativeTarget "Expiration" */;
			buildPhases = (
				6676CC2F264B7C6E00AA4B38 /* Sources */,
				6676CC30264B7C6E00AA4B38 /* Frameworks */,
				6676CC31264B7C6E00AA4B38 /* Resources */,
			);
			buildRules = (
			);
			dependencies = (
			);
			name = Expiration;
			packageProductDependencies = (
				6681D5AC26C87DA6009F77C6 /* FirebaseAnalytics */,
				6681D5AE26C87DA6009F77C6 /* FirebaseMessaging */,
			);
			productName = Expiration;
			productReference = 6676CC33264B7C6E00AA4B38 /* Expiration.app */;
			productType = "com.apple.product-type.application";
		};
		6676CC48264B7C6E00AA4B38 /* ExpirationTests */ = {
			isa = PBXNativeTarget;
			buildConfigurationList = 6676CC60264B7C6E00AA4B38 /* Build configuration list for PBXNativeTarget "ExpirationTests" */;
			buildPhases = (
				6676CC45264B7C6E00AA4B38 /* Sources */,
				6676CC46264B7C6E00AA4B38 /* Frameworks */,
				6676CC47264B7C6E00AA4B38 /* Resources */,
			);
			buildRules = (
			);
			dependencies = (
				6676CC4B264B7C6E00AA4B38 /* PBXTargetDependency */,
			);
			name = ExpirationTests;
			productName = ExpirationTests;
			productReference = 6676CC49264B7C6E00AA4B38 /* ExpirationTests.xctest */;
			productType = "com.apple.product-type.bundle.unit-test";
		};
		6676CC53264B7C6E00AA4B38 /* ExpirationUITests */ = {
			isa = PBXNativeTarget;
			buildConfigurationList = 6676CC63264B7C6E00AA4B38 /* Build configuration list for PBXNativeTarget "ExpirationUITests" */;
			buildPhases = (
				6676CC50264B7C6E00AA4B38 /* Sources */,
				6676CC51264B7C6E00AA4B38 /* Frameworks */,
				6676CC52264B7C6E00AA4B38 /* Resources */,
			);
			buildRules = (
			);
			dependencies = (
				6676CC56264B7C6E00AA4B38 /* PBXTargetDependency */,
			);
			name = ExpirationUITests;
			productName = ExpirationUITests;
			productReference = 6676CC54264B7C6E00AA4B38 /* ExpirationUITests.xctest */;
			productType = "com.apple.product-type.bundle.ui-testing";
		};
/* End PBXNativeTarget section */

/* Begin PBXProject section */
		6676CC2B264B7C6E00AA4B38 /* Project object */ = {
			isa = PBXProject;
			attributes = {
				LastSwiftUpdateCheck = 1250;
				LastUpgradeCheck = 1300;
				TargetAttributes = {
					6676CC32264B7C6E00AA4B38 = {
						CreatedOnToolsVersion = 12.5;
					};
					6676CC48264B7C6E00AA4B38 = {
						CreatedOnToolsVersion = 12.5;
						TestTargetID = 6676CC32264B7C6E00AA4B38;
					};
					6676CC53264B7C6E00AA4B38 = {
						CreatedOnToolsVersion = 12.5;
						TestTargetID = 6676CC32264B7C6E00AA4B38;
					};
				};
			};
			buildConfigurationList = 6676CC2E264B7C6E00AA4B38 /* Build configuration list for PBXProject "Expiration" */;
			compatibilityVersion = "Xcode 9.3";
			developmentRegion = en;
			hasScannedForEncodings = 0;
			knownRegions = (
				en,
				Base,
				ko,
			);
			mainGroup = 6676CC2A264B7C6E00AA4B38;
			packageReferences = (
				6681D5AB26C87DA6009F77C6 /* XCRemoteSwiftPackageReference "firebase-ios-sdk" */,
			);
			productRefGroup = 6676CC34264B7C6E00AA4B38 /* Products */;
			projectDirPath = "";
			projectRoot = "";
			targets = (
				6676CC32264B7C6E00AA4B38 /* Expiration */,
				6676CC48264B7C6E00AA4B38 /* ExpirationTests */,
				6676CC53264B7C6E00AA4B38 /* ExpirationUITests */,
			);
		};
/* End PBXProject section */

/* Begin PBXResourcesBuildPhase section */
		6676CC31264B7C6E00AA4B38 /* Resources */ = {
			isa = PBXResourcesBuildPhase;
			buildActionMask = 2147483647;
			files = (
				6676CC3E264B7C6E00AA4B38 /* Preview Assets.xcassets in Resources */,
				6676CC3B264B7C6E00AA4B38 /* Assets.xcassets in Resources */,
				662D6F6126CC594600BE492B /* GoogleService-Info.plist in Resources */,
			);
			runOnlyForDeploymentPostprocessing = 0;
		};
		6676CC47264B7C6E00AA4B38 /* Resources */ = {
			isa = PBXResourcesBuildPhase;
			buildActionMask = 2147483647;
			files = (
			);
			runOnlyForDeploymentPostprocessing = 0;
		};
		6676CC52264B7C6E00AA4B38 /* Resources */ = {
			isa = PBXResourcesBuildPhase;
			buildActionMask = 2147483647;
			files = (
			);
			runOnlyForDeploymentPostprocessing = 0;
		};
/* End PBXResourcesBuildPhase section */

/* Begin PBXSourcesBuildPhase section */
		6676CC2F264B7C6E00AA4B38 /* Sources */ = {
			isa = PBXSourcesBuildPhase;
			buildActionMask = 2147483647;
			files = (
				666A704926D1FC0900853E1E /* HelpScreen.swift in Sources */,
				66297817264CEF94007E4B17 /* Camera.swift in Sources */,
				669DDCEA26D84C4A002E8810 /* TestView.swift.swift in Sources */,
				6660FA3A26C8B4E100128FBF /* MainView.swift in Sources */,
				66C7A888264B7DC600ED7C68 /* AppModel.swift in Sources */,
				66F8CE1626C56DBC00B88E43 /* Category.swift in Sources */,
				6633EF5926CDE0C2001249FA /* LoadingView.swift in Sources */,
				666A704426D0B8AA00853E1E /* FCM.swift.swift in Sources */,
				66F8CE1826C586DF00B88E43 /* CategoryController.swift in Sources */,
				6676CC39264B7C6E00AA4B38 /* ContentView.swift in Sources */,
				6660FA4126C9715000128FBF /* FileManagerController.swift.swift in Sources */,
				6629435626D09AAE00E3D1E2 /* Setting.swift in Sources */,
				66297814264CCC04007E4B17 /* Add.swift in Sources */,
				66C7A885264B7D6300ED7C68 /* ListView.swift in Sources */,
				66D284F52689880700EDD2E6 /* MemberController.swift in Sources */,
				66B7FD03268D1CF70057B39C /* CreateAccount.swift in Sources */,
				6681D5AA26C80AA7009F77C6 /* Persistence.swift in Sources */,
				6681D5A826C80A3D009F77C6 /* Expiration.xcdatamodeld in Sources */,
				66F124BB26D2321C00B924D4 /* UserRequest.swift in Sources */,
				666A704626D0B8F700853E1E /* FCMController.swift in Sources */,
				66A7209826C7199600CEA40B /* Edit.swift in Sources */,
				66B7FD01268D1CE60057B39C /* Login.swift in Sources */,
				66D284F1268987C900EDD2E6 /* Member.swift in Sources */,
				6629435826D0A03F00E3D1E2 /* AlarmSetting.swift in Sources */,
				666A705126D1FF6E00853E1E /* HowToSetAlertTime.swift in Sources */,
				66B7FD05268D1D030057B39C /* FindAccount.swift in Sources */,
				666A704B26D1FF0100853E1E /* IntroduceThisApp.swift in Sources */,
				66D284F3268987FD00EDD2E6 /* ProductController.swift in Sources */,
				6676CC37264B7C6E00AA4B38 /* ExpirationApp.swift in Sources */,
				66756210264BDEEC00EF0CE8 /* Menu.swift in Sources */,
				666A705326D1FF7D00853E1E /* PleaseLetMeKnow.swift in Sources */,
				66C7A88E264BCBD900ED7C68 /* Card.swift in Sources */,
				66C7A890264BCCC100ED7C68 /* Product.swift in Sources */,
				666A704F26D1FF5700853E1E /* HowToAddCategory.swift in Sources */,
				666A704D26D1FF4E00853E1E /* HowToAddProduct.swift in Sources */,
			);
			runOnlyForDeploymentPostprocessing = 0;
		};
		6676CC45264B7C6E00AA4B38 /* Sources */ = {
			isa = PBXSourcesBuildPhase;
			buildActionMask = 2147483647;
			files = (
				6676CC4E264B7C6E00AA4B38 /* ExpirationTests.swift in Sources */,
			);
			runOnlyForDeploymentPostprocessing = 0;
		};
		6676CC50264B7C6E00AA4B38 /* Sources */ = {
			isa = PBXSourcesBuildPhase;
			buildActionMask = 2147483647;
			files = (
				6676CC59264B7C6E00AA4B38 /* ExpirationUITests.swift in Sources */,
			);
			runOnlyForDeploymentPostprocessing = 0;
		};
/* End PBXSourcesBuildPhase section */

/* Begin PBXTargetDependency section */
		6676CC4B264B7C6E00AA4B38 /* PBXTargetDependency */ = {
			isa = PBXTargetDependency;
			target = 6676CC32264B7C6E00AA4B38 /* Expiration */;
			targetProxy = 6676CC4A264B7C6E00AA4B38 /* PBXContainerItemProxy */;
		};
		6676CC56264B7C6E00AA4B38 /* PBXTargetDependency */ = {
			isa = PBXTargetDependency;
			target = 6676CC32264B7C6E00AA4B38 /* Expiration */;
			targetProxy = 6676CC55264B7C6E00AA4B38 /* PBXContainerItemProxy */;
		};
/* End PBXTargetDependency section */

/* Begin XCBuildConfiguration section */
		6676CC5B264B7C6E00AA4B38 /* Debug */ = {
			isa = XCBuildConfiguration;
			buildSettings = {
				ALWAYS_SEARCH_USER_PATHS = NO;
				CLANG_ANALYZER_LOCALIZABILITY_NONLOCALIZED = YES;
				CLANG_ANALYZER_NONNULL = YES;
				CLANG_ANALYZER_NUMBER_OBJECT_CONVERSION = YES_AGGRESSIVE;
				CLANG_CXX_LANGUAGE_STANDARD = "gnu++14";
				CLANG_CXX_LIBRARY = "libc++";
				CLANG_ENABLE_MODULES = YES;
				CLANG_ENABLE_OBJC_ARC = YES;
				CLANG_ENABLE_OBJC_WEAK = YES;
				CLANG_WARN_BLOCK_CAPTURE_AUTORELEASING = YES;
				CLANG_WARN_BOOL_CONVERSION = YES;
				CLANG_WARN_COMMA = YES;
				CLANG_WARN_CONSTANT_CONVERSION = YES;
				CLANG_WARN_DEPRECATED_OBJC_IMPLEMENTATIONS = YES;
				CLANG_WARN_DIRECT_OBJC_ISA_USAGE = YES_ERROR;
				CLANG_WARN_DOCUMENTATION_COMMENTS = YES;
				CLANG_WARN_EMPTY_BODY = YES;
				CLANG_WARN_ENUM_CONVERSION = YES;
				CLANG_WARN_INFINITE_RECURSION = YES;
				CLANG_WARN_INT_CONVERSION = YES;
				CLANG_WARN_NON_LITERAL_NULL_CONVERSION = YES;
				CLANG_WARN_OBJC_IMPLICIT_RETAIN_SELF = YES;
				CLANG_WARN_OBJC_LITERAL_CONVERSION = YES;
				CLANG_WARN_OBJC_ROOT_CLASS = YES_ERROR;
				CLANG_WARN_QUOTED_INCLUDE_IN_FRAMEWORK_HEADER = YES;
				CLANG_WARN_RANGE_LOOP_ANALYSIS = YES;
				CLANG_WARN_STRICT_PROTOTYPES = YES;
				CLANG_WARN_SUSPICIOUS_MOVE = YES;
				CLANG_WARN_UNGUARDED_AVAILABILITY = YES_AGGRESSIVE;
				CLANG_WARN_UNREACHABLE_CODE = YES;
				CLANG_WARN__DUPLICATE_METHOD_MATCH = YES;
				COPY_PHASE_STRIP = NO;
				DEBUG_INFORMATION_FORMAT = dwarf;
				ENABLE_STRICT_OBJC_MSGSEND = YES;
				ENABLE_TESTABILITY = YES;
				GCC_C_LANGUAGE_STANDARD = gnu11;
				GCC_DYNAMIC_NO_PIC = NO;
				GCC_NO_COMMON_BLOCKS = YES;
				GCC_OPTIMIZATION_LEVEL = 0;
				GCC_PREPROCESSOR_DEFINITIONS = (
					"DEBUG=1",
					"$(inherited)",
				);
				GCC_WARN_64_TO_32_BIT_CONVERSION = YES;
				GCC_WARN_ABOUT_RETURN_TYPE = YES_ERROR;
				GCC_WARN_UNDECLARED_SELECTOR = YES;
				GCC_WARN_UNINITIALIZED_AUTOS = YES_AGGRESSIVE;
				GCC_WARN_UNUSED_FUNCTION = YES;
				GCC_WARN_UNUSED_VARIABLE = YES;
				IPHONEOS_DEPLOYMENT_TARGET = 14.5;
				MTL_ENABLE_DEBUG_INFO = INCLUDE_SOURCE;
				MTL_FAST_MATH = YES;
				ONLY_ACTIVE_ARCH = YES;
				SDKROOT = iphoneos;
				SWIFT_ACTIVE_COMPILATION_CONDITIONS = DEBUG;
				SWIFT_OPTIMIZATION_LEVEL = "-Onone";
			};
			name = Debug;
		};
		6676CC5C264B7C6E00AA4B38 /* Release */ = {
			isa = XCBuildConfiguration;
			buildSettings = {
				ALWAYS_SEARCH_USER_PATHS = NO;
				CLANG_ANALYZER_LOCALIZABILITY_NONLOCALIZED = YES;
				CLANG_ANALYZER_NONNULL = YES;
				CLANG_ANALYZER_NUMBER_OBJECT_CONVERSION = YES_AGGRESSIVE;
				CLANG_CXX_LANGUAGE_STANDARD = "gnu++14";
				CLANG_CXX_LIBRARY = "libc++";
				CLANG_ENABLE_MODULES = YES;
				CLANG_ENABLE_OBJC_ARC = YES;
				CLANG_ENABLE_OBJC_WEAK = YES;
				CLANG_WARN_BLOCK_CAPTURE_AUTORELEASING = YES;
				CLANG_WARN_BOOL_CONVERSION = YES;
				CLANG_WARN_COMMA = YES;
				CLANG_WARN_CONSTANT_CONVERSION = YES;
				CLANG_WARN_DEPRECATED_OBJC_IMPLEMENTATIONS = YES;
				CLANG_WARN_DIRECT_OBJC_ISA_USAGE = YES_ERROR;
				CLANG_WARN_DOCUMENTATION_COMMENTS = YES;
				CLANG_WARN_EMPTY_BODY = YES;
				CLANG_WARN_ENUM_CONVERSION = YES;
				CLANG_WARN_INFINITE_RECURSION = YES;
				CLANG_WARN_INT_CONVERSION = YES;
				CLANG_WARN_NON_LITERAL_NULL_CONVERSION = YES;
				CLANG_WARN_OBJC_IMPLICIT_RETAIN_SELF = YES;
				CLANG_WARN_OBJC_LITERAL_CONVERSION = YES;
				CLANG_WARN_OBJC_ROOT_CLASS = YES_ERROR;
				CLANG_WARN_QUOTED_INCLUDE_IN_FRAMEWORK_HEADER = YES;
				CLANG_WARN_RANGE_LOOP_ANALYSIS = YES;
				CLANG_WARN_STRICT_PROTOTYPES = YES;
				CLANG_WARN_SUSPICIOUS_MOVE = YES;
				CLANG_WARN_UNGUARDED_AVAILABILITY = YES_AGGRESSIVE;
				CLANG_WARN_UNREACHABLE_CODE = YES;
				CLANG_WARN__DUPLICATE_METHOD_MATCH = YES;
				COPY_PHASE_STRIP = NO;
				DEBUG_INFORMATION_FORMAT = "dwarf-with-dsym";
				ENABLE_NS_ASSERTIONS = NO;
				ENABLE_STRICT_OBJC_MSGSEND = YES;
				GCC_C_LANGUAGE_STANDARD = gnu11;
				GCC_NO_COMMON_BLOCKS = YES;
				GCC_WARN_64_TO_32_BIT_CONVERSION = YES;
				GCC_WARN_ABOUT_RETURN_TYPE = YES_ERROR;
				GCC_WARN_UNDECLARED_SELECTOR = YES;
				GCC_WARN_UNINITIALIZED_AUTOS = YES_AGGRESSIVE;
				GCC_WARN_UNUSED_FUNCTION = YES;
				GCC_WARN_UNUSED_VARIABLE = YES;
				IPHONEOS_DEPLOYMENT_TARGET = 14.5;
				MTL_ENABLE_DEBUG_INFO = NO;
				MTL_FAST_MATH = YES;
				SDKROOT = iphoneos;
				SWIFT_COMPILATION_MODE = wholemodule;
				SWIFT_OPTIMIZATION_LEVEL = "-O";
				VALIDATE_PRODUCT = YES;
			};
			name = Release;
		};
		6676CC5E264B7C6E00AA4B38 /* Debug */ = {
			isa = XCBuildConfiguration;
			buildSettings = {
				ASSETCATALOG_COMPILER_APPICON_NAME = AppIcon;
				ASSETCATALOG_COMPILER_GLOBAL_ACCENT_COLOR_NAME = AccentColor;
				ASSETCATALOG_COMPILER_INCLUDE_ALL_APPICON_ASSETS = NO;
				CODE_SIGN_ENTITLEMENTS = Expiration/Expiration.entitlements;
				CODE_SIGN_STYLE = Automatic;
				DEVELOPMENT_ASSET_PATHS = "\"Expiration/Preview Content\"";
				DEVELOPMENT_TEAM = 8TC4W5JV38;
				ENABLE_PREVIEWS = YES;
				INFOPLIST_FILE = Expiration/Info.plist;
				IPHONEOS_DEPLOYMENT_TARGET = 14.0;
				LD_RUNPATH_SEARCH_PATHS = (
					"$(inherited)",
					"@executable_path/Frameworks",
				);
				PRODUCT_BUNDLE_IDENTIFIER = cho.Expiration;
				PRODUCT_NAME = "$(TARGET_NAME)";
				SWIFT_VERSION = 5.0;
				TARGETED_DEVICE_FAMILY = 1;
			};
			name = Debug;
		};
		6676CC5F264B7C6E00AA4B38 /* Release */ = {
			isa = XCBuildConfiguration;
			buildSettings = {
				ASSETCATALOG_COMPILER_APPICON_NAME = AppIcon;
				ASSETCATALOG_COMPILER_GLOBAL_ACCENT_COLOR_NAME = AccentColor;
				ASSETCATALOG_COMPILER_INCLUDE_ALL_APPICON_ASSETS = NO;
				CODE_SIGN_ENTITLEMENTS = Expiration/Expiration.entitlements;
				CODE_SIGN_STYLE = Automatic;
				DEVELOPMENT_ASSET_PATHS = "\"Expiration/Preview Content\"";
				DEVELOPMENT_TEAM = 8TC4W5JV38;
				ENABLE_PREVIEWS = YES;
				INFOPLIST_FILE = Expiration/Info.plist;
				IPHONEOS_DEPLOYMENT_TARGET = 14.0;
				LD_RUNPATH_SEARCH_PATHS = (
					"$(inherited)",
					"@executable_path/Frameworks",
				);
				PRODUCT_BUNDLE_IDENTIFIER = cho.Expiration;
				PRODUCT_NAME = "$(TARGET_NAME)";
				SWIFT_VERSION = 5.0;
				TARGETED_DEVICE_FAMILY = 1;
			};
			name = Release;
		};
		6676CC61264B7C6E00AA4B38 /* Debug */ = {
			isa = XCBuildConfiguration;
			buildSettings = {
				ALWAYS_EMBED_SWIFT_STANDARD_LIBRARIES = YES;
				BUNDLE_LOADER = "$(TEST_HOST)";
				CODE_SIGN_STYLE = Automatic;
				DEVELOPMENT_TEAM = 8TC4W5JV38;
				INFOPLIST_FILE = ExpirationTests/Info.plist;
				IPHONEOS_DEPLOYMENT_TARGET = 14.0;
				LD_RUNPATH_SEARCH_PATHS = (
					"$(inherited)",
					"@executable_path/Frameworks",
					"@loader_path/Frameworks",
				);
				PRODUCT_BUNDLE_IDENTIFIER = cho.ExpirationTests;
				PRODUCT_NAME = "$(TARGET_NAME)";
				SWIFT_VERSION = 5.0;
				TARGETED_DEVICE_FAMILY = "1,2";
				TEST_HOST = "$(BUILT_PRODUCTS_DIR)/Expiration.app/Expiration";
			};
			name = Debug;
		};
		6676CC62264B7C6E00AA4B38 /* Release */ = {
			isa = XCBuildConfiguration;
			buildSettings = {
				ALWAYS_EMBED_SWIFT_STANDARD_LIBRARIES = YES;
				BUNDLE_LOADER = "$(TEST_HOST)";
				CODE_SIGN_STYLE = Automatic;
				DEVELOPMENT_TEAM = 8TC4W5JV38;
				INFOPLIST_FILE = ExpirationTests/Info.plist;
				IPHONEOS_DEPLOYMENT_TARGET = 14.0;
				LD_RUNPATH_SEARCH_PATHS = (
					"$(inherited)",
					"@executable_path/Frameworks",
					"@loader_path/Frameworks",
				);
				PRODUCT_BUNDLE_IDENTIFIER = cho.ExpirationTests;
				PRODUCT_NAME = "$(TARGET_NAME)";
				SWIFT_VERSION = 5.0;
				TARGETED_DEVICE_FAMILY = "1,2";
				TEST_HOST = "$(BUILT_PRODUCTS_DIR)/Expiration.app/Expiration";
			};
			name = Release;
		};
		6676CC64264B7C6E00AA4B38 /* Debug */ = {
			isa = XCBuildConfiguration;
			buildSettings = {
				ALWAYS_EMBED_SWIFT_STANDARD_LIBRARIES = YES;
				CODE_SIGN_STYLE = Automatic;
				DEVELOPMENT_TEAM = 8TC4W5JV38;
				INFOPLIST_FILE = ExpirationUITests/Info.plist;
				LD_RUNPATH_SEARCH_PATHS = (
					"$(inherited)",
					"@executable_path/Frameworks",
					"@loader_path/Frameworks",
				);
				PRODUCT_BUNDLE_IDENTIFIER = cho.ExpirationUITests;
				PRODUCT_NAME = "$(TARGET_NAME)";
				SWIFT_VERSION = 5.0;
				TARGETED_DEVICE_FAMILY = "1,2";
				TEST_TARGET_NAME = Expiration;
			};
			name = Debug;
		};
		6676CC65264B7C6E00AA4B38 /* Release */ = {
			isa = XCBuildConfiguration;
			buildSettings = {
				ALWAYS_EMBED_SWIFT_STANDARD_LIBRARIES = YES;
				CODE_SIGN_STYLE = Automatic;
				DEVELOPMENT_TEAM = 8TC4W5JV38;
				INFOPLIST_FILE = ExpirationUITests/Info.plist;
				LD_RUNPATH_SEARCH_PATHS = (
					"$(inherited)",
					"@executable_path/Frameworks",
					"@loader_path/Frameworks",
				);
				PRODUCT_BUNDLE_IDENTIFIER = cho.ExpirationUITests;
				PRODUCT_NAME = "$(TARGET_NAME)";
				SWIFT_VERSION = 5.0;
				TARGETED_DEVICE_FAMILY = "1,2";
				TEST_TARGET_NAME = Expiration;
			};
			name = Release;
		};
/* End XCBuildConfiguration section */

/* Begin XCConfigurationList section */
		6676CC2E264B7C6E00AA4B38 /* Build configuration list for PBXProject "Expiration" */ = {
			isa = XCConfigurationList;
			buildConfigurations = (
				6676CC5B264B7C6E00AA4B38 /* Debug */,
				6676CC5C264B7C6E00AA4B38 /* Release */,
			);
			defaultConfigurationIsVisible = 0;
			defaultConfigurationName = Debug;
		};
		6676CC5D264B7C6E00AA4B38 /* Build configuration list for PBXNativeTarget "Expiration" */ = {
			isa = XCConfigurationList;
			buildConfigurations = (
				6676CC5E264B7C6E00AA4B38 /* Debug */,
				6676CC5F264B7C6E00AA4B38 /* Release */,
			);
			defaultConfigurationIsVisible = 0;
			defaultConfigurationName = Debug;
		};
		6676CC60264B7C6E00AA4B38 /* Build configuration list for PBXNativeTarget "ExpirationTests" */ = {
			isa = XCConfigurationList;
			buildConfigurations = (
				6676CC61264B7C6E00AA4B38 /* Debug */,
				6676CC62264B7C6E00AA4B38 /* Release */,
			);
			defaultConfigurationIsVisible = 0;
			defaultConfigurationName = Debug;
		};
		6676CC63264B7C6E00AA4B38 /* Build configuration list for PBXNativeTarget "ExpirationUITests" */ = {
			isa = XCConfigurationList;
			buildConfigurations = (
				6676CC64264B7C6E00AA4B38 /* Debug */,
				6676CC65264B7C6E00AA4B38 /* Release */,
			);
			defaultConfigurationIsVisible = 0;
			defaultConfigurationName = Debug;
		};
/* End XCConfigurationList section */

/* Begin XCRemoteSwiftPackageReference section */
		6681D5AB26C87DA6009F77C6 /* XCRemoteSwiftPackageReference "firebase-ios-sdk" */ = {
			isa = XCRemoteSwiftPackageReference;
			repositoryURL = "https://github.com/firebase/firebase-ios-sdk.git";
			requirement = {
				kind = upToNextMajorVersion;
				minimumVersion = 7.0.0;
			};
		};
/* End XCRemoteSwiftPackageReference section */

/* Begin XCSwiftPackageProductDependency section */
		6681D5AC26C87DA6009F77C6 /* FirebaseAnalytics */ = {
			isa = XCSwiftPackageProductDependency;
			package = 6681D5AB26C87DA6009F77C6 /* XCRemoteSwiftPackageReference "firebase-ios-sdk" */;
			productName = FirebaseAnalytics;
		};
		6681D5AE26C87DA6009F77C6 /* FirebaseMessaging */ = {
			isa = XCSwiftPackageProductDependency;
			package = 6681D5AB26C87DA6009F77C6 /* XCRemoteSwiftPackageReference "firebase-ios-sdk" */;
			productName = FirebaseMessaging;
		};
/* End XCSwiftPackageProductDependency section */

/* Begin XCVersionGroup section */
		6681D5A626C80A3D009F77C6 /* Expiration.xcdatamodeld */ = {
			isa = XCVersionGroup;
			children = (
				6681D5A726C80A3D009F77C6 /* Expiration.xcdatamodel */,
			);
			currentVersion = 6681D5A726C80A3D009F77C6 /* Expiration.xcdatamodel */;
			path = Expiration.xcdatamodeld;
			sourceTree = "<group>";
			versionGroupType = wrapper.xcdatamodel;
		};
/* End XCVersionGroup section */
	};
	rootObject = 6676CC2B264B7C6E00AA4B38 /* Project object */;
}
